
Microsoft Visual Studio Solution File, Format Version 12.00
# Visual Studio Version 17
VisualStudioVersion = 17.4.33205.214
MinimumVisualStudioVersion = 10.0.40219.1
Project("{FAE04EC0-301F-11D3-BF4B-00C04F79EFBC}") = "Digiclock", "Digiclock\Digiclock.csproj", "{674E9A3A-E3F9-4E08-ADA5-DDCE89D287B6}"
EndProject
Global
	GlobalSection(SolutionConfigurationPlatforms) = preSolution
		Debug|Any CPU = Debug|Any CPU
		Release|Any CPU = Release|Any CPU
	EndGlobalSection
	GlobalSection(ProjectConfigurationPlatforms) = postSolution
		{674E9A3A-E3F9-4E08-ADA5-DDCE89D287B6}.Debug|Any CPU.ActiveCfg = Debug|Any CPU
		{674E9A3A-E3F9-4E08-ADA5-DDCE89D287B6}.Debug|Any CPU.Build.0 = Debug|Any CPU
		{674E9A3A-E3F9-4E08-ADA5-DDCE89D287B6}.Release|Any CPU.ActiveCfg = Release|Any CPU
		{674E9A3A-E3F9-4E08-ADA5-DDCE89D287B6}.Release|Any CPU.Build.0 = Release|Any CPU
	EndGlobalSection
	GlobalSection(SolutionProperties) = preSolution
		HideSolutionNode = FALSE
	EndGlobalSection
	GlobalSection(ExtensibilityGlobals) = postSolution
		SolutionGuid = {6238A7D2-6121-4000-B31B-40938439531C}
	EndGlobalSection
EndGlobal
